
Microsoft Visual Studio Solution File, Format Version 12.00
# Visual Studio Version 16
VisualStudioVersion = 16.0.31702.278
MinimumVisualStudioVersion = 10.0.40219.1
Project("{FAE04EC0-301F-11D3-BF4B-00C04F79EFBC}") = "PM2E15235.Android", "PM2E15235\PM2E15235.Android\PM2E15235.Android.csproj", "{146E74EF-2E11-4E79-AFF1-2BF858A5A644}"
EndProject
Project("{FAE04EC0-301F-11D3-BF4B-00C04F79EFBC}") = "PM2E15235.iOS", "PM2E15235\PM2E15235.iOS\PM2E15235.iOS.csproj", "{20CFB8BB-65A8-4C7B-956C-FB23920E76A8}"
EndProject
Project("{FAE04EC0-301F-11D3-BF4B-00C04F79EFBC}") = "PM2E15235", "PM2E15235\PM2E15235\PM2E15235.csproj", "{1A0FC6DB-7AD3-40FA-9E00-A1883DC88401}"
EndProject
Global
	GlobalSection(SolutionConfigurationPlatforms) = preSolution
		Debug|Any CPU = Debug|Any CPU
		Debug|iPhone = Debug|iPhone
		Debug|iPhoneSimulator = Debug|iPhoneSimulator
		Release|Any CPU = Release|Any CPU
		Release|iPhone = Release|iPhone
		Release|iPhoneSimulator = Release|iPhoneSimulator
	EndGlobalSection
	GlobalSection(ProjectConfigurationPlatforms) = postSolution
		{146E74EF-2E11-4E79-AFF1-2BF858A5A644}.Debug|Any CPU.ActiveCfg = Debug|Any CPU
		{146E74EF-2E11-4E79-AFF1-2BF858A5A644}.Debug|Any CPU.Build.0 = Debug|Any CPU
		{146E74EF-2E11-4E79-AFF1-2BF858A5A644}.Debug|Any CPU.Deploy.0 = Debug|Any CPU
		{146E74EF-2E11-4E79-AFF1-2BF858A5A644}.Debug|iPhone.ActiveCfg = Debug|Any CPU
		{146E74EF-2E11-4E79-AFF1-2BF858A5A644}.Debug|iPhone.Build.0 = Debug|Any CPU
		{146E74EF-2E11-4E79-AFF1-2BF858A5A644}.Debug|iPhone.Deploy.0 = Debug|Any CPU
		{146E74EF-2E11-4E79-AFF1-2BF858A5A644}.Debug|iPhoneSimulator.ActiveCfg = Debug|Any CPU
		{146E74EF-2E11-4E79-AFF1-2BF858A5A644}.Debug|iPhoneSimulator.Build.0 = Debug|Any CPU
		{146E74EF-2E11-4E79-AFF1-2BF858A5A644}.Debug|iPhoneSimulator.Deploy.0 = Debug|Any CPU
		{146E74EF-2E11-4E79-AFF1-2BF858A5A644}.Release|Any CPU.ActiveCfg = Release|Any CPU
		{146E74EF-2E11-4E79-AFF1-2BF858A5A644}.Release|Any CPU.Build.0 = Release|Any CPU
		{146E74EF-2E11-4E79-AFF1-2BF858A5A644}.Release|Any CPU.Deploy.0 = Release|Any CPU
		{146E74EF-2E11-4E79-AFF1-2BF858A5A644}.Release|iPhone.ActiveCfg = Release|Any CPU
		{146E74EF-2E11-4E79-AFF1-2BF858A5A644}.Release|iPhone.Build.0 = Release|Any CPU
		{146E74EF-2E11-4E79-AFF1-2BF858A5A644}.Release|iPhone.Deploy.0 = Release|Any CPU
		{146E74EF-2E11-4E79-AFF1-2BF858A5A644}.Release|iPhoneSimulator.ActiveCfg = Release|Any CPU
		{146E74EF-2E11-4E79-AFF1-2BF858A5A644}.Release|iPhoneSimulator.Build.0 = Release|Any CPU
		{146E74EF-2E11-4E79-AFF1-2BF858A5A644}.Release|iPhoneSimulator.Deploy.0 = Release|Any CPU
		{20CFB8BB-65A8-4C7B-956C-FB23920E76A8}.Debug|Any CPU.ActiveCfg = Debug|iPhone
		{20CFB8BB-65A8-4C7B-956C-FB23920E76A8}.Debug|Any CPU.Build.0 = Debug|iPhone
		{20CFB8BB-65A8-4C7B-956C-FB23920E76A8}.Debug|Any CPU.Deploy.0 = Debug|iPhone
		{20CFB8BB-65A8-4C7B-956C-FB23920E76A8}.Debug|iPhone.ActiveCfg = Debug|iPhone
		{20CFB8BB-65A8-4C7B-956C-FB23920E76A8}.Debug|iPhone.Build.0 = Debug|iPhone
		{20CFB8BB-65A8-4C7B-956C-FB23920E76A8}.Debug|iPhone.Deploy.0 = Debug|iPhone
		{20CFB8BB-65A8-4C7B-956C-FB23920E76A8}.Debug|iPhoneSimulator.ActiveCfg = Debug|iPhoneSimulator
		{20CFB8BB-65A8-4C7B-956C-FB23920E76A8}.Debug|iPhoneSimulator.Build.0 = Debug|iPhoneSimulator
		{20CFB8BB-65A8-4C7B-956C-FB23920E76A8}.Debug|iPhoneSimulator.Deploy.0 = Debug|iPhoneSimulator
		{20CFB8BB-65A8-4C7B-956C-FB23920E76A8}.Release|Any CPU.ActiveCfg = Release|iPhoneSimulator
		{20CFB8BB-65A8-4C7B-956C-FB23920E76A8}.Release|Any CPU.Build.0 = Release|iPhoneSimulator
		{20CFB8BB-65A8-4C7B-956C-FB23920E76A8}.Release|Any CPU.Deploy.0 = Release|iPhoneSimulator
		{20CFB8BB-65A8-4C7B-956C-FB23920E76A8}.Release|iPhone.ActiveCfg = Release|iPhone
		{20CFB8BB-65A8-4C7B-956C-FB23920E76A8}.Release|iPhone.Build.0 = Release|iPhone
		{20CFB8BB-65A8-4C7B-956C-FB23920E76A8}.Release|iPhone.Deploy.0 = Release|iPhone
		{20CFB8BB-65A8-4C7B-956C-FB23920E76A8}.Release|iPhoneSimulator.ActiveCfg = Release|iPhoneSimulator
		{20CFB8BB-65A8-4C7B-956C-FB23920E76A8}.Release|iPhoneSimulator.Build.0 = Release|iPhoneSimulator
		{20CFB8BB-65A8-4C7B-956C-FB23920E76A8}.Release|iPhoneSimulator.Deploy.0 = Release|iPhoneSimulator
		{1A0FC6DB-7AD3-40FA-9E00-A1883DC88401}.Debug|Any CPU.ActiveCfg = Debug|Any CPU
		{1A0FC6DB-7AD3-40FA-9E00-A1883DC88401}.Debug|Any CPU.Build.0 = Debug|Any CPU
		{1A0FC6DB-7AD3-40FA-9E00-A1883DC88401}.Debug|Any CPU.Deploy.0 = Debug|Any CPU
		{1A0FC6DB-7AD3-40FA-9E00-A1883DC88401}.Debug|iPhone.ActiveCfg = Debug|Any CPU
		{1A0FC6DB-7AD3-40FA-9E00-A1883DC88401}.Debug|iPhone.Build.0 = Debug|Any CPU
		{1A0FC6DB-7AD3-40FA-9E00-A1883DC88401}.Debug|iPhone.Deploy.0 = Debug|Any CPU
		{1A0FC6DB-7AD3-40FA-9E00-A1883DC88401}.Debug|iPhoneSimulator.ActiveCfg = Debug|Any CPU
		{1A0FC6DB-7AD3-40FA-9E00-A1883DC88401}.Debug|iPhoneSimulator.Build.0 = Debug|Any CPU
		{1A0FC6DB-7AD3-40FA-9E00-A1883DC88401}.Debug|iPhoneSimulator.Deploy.0 = Debug|Any CPU
		{1A0FC6DB-7AD3-40FA-9E00-A1883DC88401}.Release|Any CPU.ActiveCfg = Release|Any CPU
		{1A0FC6DB-7AD3-40FA-9E00-A1883DC88401}.Release|Any CPU.Build.0 = Release|Any CPU
		{1A0FC6DB-7AD3-40FA-9E00-A1883DC88401}.Release|Any CPU.Deploy.0 = Release|Any CPU
		{1A0FC6DB-7AD3-40FA-9E00-A1883DC88401}.Release|iPhone.ActiveCfg = Release|Any CPU
		{1A0FC6DB-7AD3-40FA-9E00-A1883DC88401}.Release|iPhone.Build.0 = Release|Any CPU
		{1A0FC6DB-7AD3-40FA-9E00-A1883DC88401}.Release|iPhone.Deploy.0 = Release|Any CPU
		{1A0FC6DB-7AD3-40FA-9E00-A1883DC88401}.Release|iPhoneSimulator.ActiveCfg = Release|Any CPU
		{1A0FC6DB-7AD3-40FA-9E00-A1883DC88401}.Release|iPhoneSimulator.Build.0 = Release|Any CPU
		{1A0FC6DB-7AD3-40FA-9E00-A1883DC88401}.Release|iPhoneSimulator.Deploy.0 = Release|Any CPU
	EndGlobalSection
	GlobalSection(SolutionProperties) = preSolution
		HideSolutionNode = FALSE
	EndGlobalSection
	GlobalSection(ExtensibilityGlobals) = postSolution
		SolutionGuid = {C3B5542B-97DF-4F44-BB80-644E53C20C68}
	EndGlobalSection
EndGlobal
